
Microsoft Visual Studio Solution File, Format Version 12.00
# Visual Studio Version 17
VisualStudioVersion = 17.4.33213.308
MinimumVisualStudioVersion = 10.0.40219.1
Project("{FAE04EC0-301F-11D3-BF4B-00C04F79EFBC}") = "CW6-Databases_in_WPF_Applications-CSCI352", "CW6-Databases_in_WPF_Applications-CSCI352\CW6-Databases_in_WPF_Applications-CSCI352.csproj", "{D59ED191-672E-44AC-8B43-1426BC11998B}"
EndProject
Global
	GlobalSection(SolutionConfigurationPlatforms) = preSolution
		Debug|Any CPU = Debug|Any CPU
		Release|Any CPU = Release|Any CPU
	EndGlobalSection
	GlobalSection(ProjectConfigurationPlatforms) = postSolution
		{D59ED191-672E-44AC-8B43-1426BC11998B}.Debug|Any CPU.ActiveCfg = Debug|Any CPU
		{D59ED191-672E-44AC-8B43-1426BC11998B}.Debug|Any CPU.Build.0 = Debug|Any CPU
		{D59ED191-672E-44AC-8B43-1426BC11998B}.Release|Any CPU.ActiveCfg = Release|Any CPU
		{D59ED191-672E-44AC-8B43-1426BC11998B}.Release|Any CPU.Build.0 = Release|Any CPU
	EndGlobalSection
	GlobalSection(SolutionProperties) = preSolution
		HideSolutionNode = FALSE
	EndGlobalSection
	GlobalSection(ExtensibilityGlobals) = postSolution
		SolutionGuid = {209E6470-C699-40C7-8F48-48F594EFBB4A}
	EndGlobalSection
EndGlobal
